
Microsoft Visual Studio Solution File, Format Version 12.00
# Visual Studio 14
VisualStudioVersion = 14.0.25420.1
MinimumVisualStudioVersion = 10.0.40219.1
Project("{2150E333-8FDC-42A3-9474-1A3956D46DE8}") = "Solution Items", "Solution Items", "{4CD250E4-8168-48B5-BE6B-706CEFA67F24}"
	ProjectSection(SolutionItems) = preProject
		BdcModelBuilder.vsmdi = BdcModelBuilder.vsmdi
		Local.testsettings = Local.testsettings
		TraceAndTestImpact.testsettings = TraceAndTestImpact.testsettings
	EndProjectSection
EndProject
Project("{2150E333-8FDC-42A3-9474-1A3956D46DE8}") = "Services", "Services", "{935A6609-BD4C-4DDA-882C-BAC281F495EC}"
EndProject
Project("{2150E333-8FDC-42A3-9474-1A3956D46DE8}") = "Application", "Application", "{10FFBDC2-F39C-4A95-AB51-0C421A23E8B4}"
EndProject
Project("{2150E333-8FDC-42A3-9474-1A3956D46DE8}") = "SharePoint", "SharePoint", "{0923CC5D-BE2D-4CE1-A099-EE834DAB5B4A}"
EndProject
Project("{2150E333-8FDC-42A3-9474-1A3956D46DE8}") = "Test", "Test", "{197EAD1B-068F-4D10-8ABF-191C250F4AE6}"
EndProject
Project("{FAE04EC0-301F-11D3-BF4B-00C04F79EFBC}") = "BdcModelBuilder", "BdcModelBuilder\BdcModelBuilder.csproj", "{7FE74782-4B5E-454A-8536-F7A11A5AA090}"
EndProject
Project("{FAE04EC0-301F-11D3-BF4B-00C04F79EFBC}") = "WcfBikeService", "WcfService\WcfBikeService.csproj", "{6FE73096-C1C6-4774-8398-6162198CCC08}"
EndProject
Project("{FAE04EC0-301F-11D3-BF4B-00C04F79EFBC}") = "Tests", "WcfServiceTest\Tests.csproj", "{53E98408-39C8-47CC-B144-7B9775485E43}"
	ProjectSection(ProjectDependencies) = postProject
		{6FE73096-C1C6-4774-8398-6162198CCC08} = {6FE73096-C1C6-4774-8398-6162198CCC08}
	EndProjectSection
EndProject
Project("{FAE04EC0-301F-11D3-BF4B-00C04F79EFBC}") = "BdcModelDemo", "BdcModelDemo\BdcModelDemo.csproj", "{79C448F8-372A-48E1-A209-70538FA43A87}"
EndProject
Project("{FAE04EC0-301F-11D3-BF4B-00C04F79EFBC}") = "ServiceShim", "ServiceShim\ServiceShim.csproj", "{896ED505-54D8-42FF-81AC-C63CFEF2B02C}"
	ProjectSection(ProjectDependencies) = postProject
		{6FE73096-C1C6-4774-8398-6162198CCC08} = {6FE73096-C1C6-4774-8398-6162198CCC08}
	EndProjectSection
EndProject
Project("{FAE04EC0-301F-11D3-BF4B-00C04F79EFBC}") = "ASMXBikeService", "ASMXService\ASMXBikeService.csproj", "{B3B36581-7A48-4EB5-A5D7-9ACDD0BCDC51}"
EndProject
Global
	GlobalSection(SolutionConfigurationPlatforms) = preSolution
		Debug|Any CPU = Debug|Any CPU
		Debug|Mixed Platforms = Debug|Mixed Platforms
		Debug|x86 = Debug|x86
		Release|Any CPU = Release|Any CPU
		Release|Mixed Platforms = Release|Mixed Platforms
		Release|x86 = Release|x86
	EndGlobalSection
	GlobalSection(ProjectConfigurationPlatforms) = postSolution
		{7FE74782-4B5E-454A-8536-F7A11A5AA090}.Debug|Any CPU.ActiveCfg = Debug|x86
		{7FE74782-4B5E-454A-8536-F7A11A5AA090}.Debug|Mixed Platforms.ActiveCfg = Debug|x86
		{7FE74782-4B5E-454A-8536-F7A11A5AA090}.Debug|Mixed Platforms.Build.0 = Debug|x86
		{7FE74782-4B5E-454A-8536-F7A11A5AA090}.Debug|x86.ActiveCfg = Debug|x86
		{7FE74782-4B5E-454A-8536-F7A11A5AA090}.Debug|x86.Build.0 = Debug|x86
		{7FE74782-4B5E-454A-8536-F7A11A5AA090}.Release|Any CPU.ActiveCfg = Release|x86
		{7FE74782-4B5E-454A-8536-F7A11A5AA090}.Release|Mixed Platforms.ActiveCfg = Release|x86
		{7FE74782-4B5E-454A-8536-F7A11A5AA090}.Release|Mixed Platforms.Build.0 = Release|x86
		{7FE74782-4B5E-454A-8536-F7A11A5AA090}.Release|x86.ActiveCfg = Release|x86
		{7FE74782-4B5E-454A-8536-F7A11A5AA090}.Release|x86.Build.0 = Release|x86
		{6FE73096-C1C6-4774-8398-6162198CCC08}.Debug|Any CPU.ActiveCfg = Debug|Any CPU
		{6FE73096-C1C6-4774-8398-6162198CCC08}.Debug|Any CPU.Build.0 = Debug|Any CPU
		{6FE73096-C1C6-4774-8398-6162198CCC08}.Debug|Mixed Platforms.ActiveCfg = Debug|Any CPU
		{6FE73096-C1C6-4774-8398-6162198CCC08}.Debug|Mixed Platforms.Build.0 = Debug|Any CPU
		{6FE73096-C1C6-4774-8398-6162198CCC08}.Debug|x86.ActiveCfg = Debug|Any CPU
		{6FE73096-C1C6-4774-8398-6162198CCC08}.Release|Any CPU.ActiveCfg = Release|Any CPU
		{6FE73096-C1C6-4774-8398-6162198CCC08}.Release|Any CPU.Build.0 = Release|Any CPU
		{6FE73096-C1C6-4774-8398-6162198CCC08}.Release|Mixed Platforms.ActiveCfg = Release|Any CPU
		{6FE73096-C1C6-4774-8398-6162198CCC08}.Release|Mixed Platforms.Build.0 = Release|Any CPU
		{6FE73096-C1C6-4774-8398-6162198CCC08}.Release|x86.ActiveCfg = Release|Any CPU
		{53E98408-39C8-47CC-B144-7B9775485E43}.Debug|Any CPU.ActiveCfg = Debug|Any CPU
		{53E98408-39C8-47CC-B144-7B9775485E43}.Debug|Any CPU.Build.0 = Debug|Any CPU
		{53E98408-39C8-47CC-B144-7B9775485E43}.Debug|Mixed Platforms.ActiveCfg = Debug|Any CPU
		{53E98408-39C8-47CC-B144-7B9775485E43}.Debug|Mixed Platforms.Build.0 = Debug|Any CPU
		{53E98408-39C8-47CC-B144-7B9775485E43}.Debug|x86.ActiveCfg = Debug|Any CPU
		{53E98408-39C8-47CC-B144-7B9775485E43}.Release|Any CPU.ActiveCfg = Release|Any CPU
		{53E98408-39C8-47CC-B144-7B9775485E43}.Release|Any CPU.Build.0 = Release|Any CPU
		{53E98408-39C8-47CC-B144-7B9775485E43}.Release|Mixed Platforms.ActiveCfg = Release|Any CPU
		{53E98408-39C8-47CC-B144-7B9775485E43}.Release|Mixed Platforms.Build.0 = Release|Any CPU
		{53E98408-39C8-47CC-B144-7B9775485E43}.Release|x86.ActiveCfg = Release|Any CPU
		{79C448F8-372A-48E1-A209-70538FA43A87}.Debug|Any CPU.ActiveCfg = Debug|Any CPU
		{79C448F8-372A-48E1-A209-70538FA43A87}.Debug|Any CPU.Build.0 = Debug|Any CPU
		{79C448F8-372A-48E1-A209-70538FA43A87}.Debug|Any CPU.Deploy.0 = Debug|Any CPU
		{79C448F8-372A-48E1-A209-70538FA43A87}.Debug|Mixed Platforms.ActiveCfg = Debug|Any CPU
		{79C448F8-372A-48E1-A209-70538FA43A87}.Debug|Mixed Platforms.Build.0 = Debug|Any CPU
		{79C448F8-372A-48E1-A209-70538FA43A87}.Debug|Mixed Platforms.Deploy.0 = Debug|Any CPU
		{79C448F8-372A-48E1-A209-70538FA43A87}.Debug|x86.ActiveCfg = Debug|Any CPU
		{79C448F8-372A-48E1-A209-70538FA43A87}.Release|Any CPU.ActiveCfg = Release|Any CPU
		{79C448F8-372A-48E1-A209-70538FA43A87}.Release|Any CPU.Build.0 = Release|Any CPU
		{79C448F8-372A-48E1-A209-70538FA43A87}.Release|Any CPU.Deploy.0 = Release|Any CPU
		{79C448F8-372A-48E1-A209-70538FA43A87}.Release|Mixed Platforms.ActiveCfg = Release|Any CPU
		{79C448F8-372A-48E1-A209-70538FA43A87}.Release|Mixed Platforms.Build.0 = Release|Any CPU
		{79C448F8-372A-48E1-A209-70538FA43A87}.Release|Mixed Platforms.Deploy.0 = Release|Any CPU
		{79C448F8-372A-48E1-A209-70538FA43A87}.Release|x86.ActiveCfg = Release|Any CPU
		{896ED505-54D8-42FF-81AC-C63CFEF2B02C}.Debug|Any CPU.ActiveCfg = Debug|Any CPU
		{896ED505-54D8-42FF-81AC-C63CFEF2B02C}.Debug|Any CPU.Build.0 = Debug|Any CPU
		{896ED505-54D8-42FF-81AC-C63CFEF2B02C}.Debug|Mixed Platforms.ActiveCfg = Debug|Any CPU
		{896ED505-54D8-42FF-81AC-C63CFEF2B02C}.Debug|Mixed Platforms.Build.0 = Debug|Any CPU
		{896ED505-54D8-42FF-81AC-C63CFEF2B02C}.Debug|x86.ActiveCfg = Debug|Any CPU
		{896ED505-54D8-42FF-81AC-C63CFEF2B02C}.Release|Any CPU.ActiveCfg = Release|Any CPU
		{896ED505-54D8-42FF-81AC-C63CFEF2B02C}.Release|Any CPU.Build.0 = Release|Any CPU
		{896ED505-54D8-42FF-81AC-C63CFEF2B02C}.Release|Mixed Platforms.ActiveCfg = Release|Any CPU
		{896ED505-54D8-42FF-81AC-C63CFEF2B02C}.Release|Mixed Platforms.Build.0 = Release|Any CPU
		{896ED505-54D8-42FF-81AC-C63CFEF2B02C}.Release|x86.ActiveCfg = Release|Any CPU
		{B3B36581-7A48-4EB5-A5D7-9ACDD0BCDC51}.Debug|Any CPU.ActiveCfg = Debug|Any CPU
		{B3B36581-7A48-4EB5-A5D7-9ACDD0BCDC51}.Debug|Any CPU.Build.0 = Debug|Any CPU
		{B3B36581-7A48-4EB5-A5D7-9ACDD0BCDC51}.Debug|Mixed Platforms.ActiveCfg = Debug|Any CPU
		{B3B36581-7A48-4EB5-A5D7-9ACDD0BCDC51}.Debug|Mixed Platforms.Build.0 = Debug|Any CPU
		{B3B36581-7A48-4EB5-A5D7-9ACDD0BCDC51}.Debug|x86.ActiveCfg = Debug|Any CPU
		{B3B36581-7A48-4EB5-A5D7-9ACDD0BCDC51}.Release|Any CPU.ActiveCfg = Release|Any CPU
		{B3B36581-7A48-4EB5-A5D7-9ACDD0BCDC51}.Release|Any CPU.Build.0 = Release|Any CPU
		{B3B36581-7A48-4EB5-A5D7-9ACDD0BCDC51}.Release|Mixed Platforms.ActiveCfg = Release|Any CPU
		{B3B36581-7A48-4EB5-A5D7-9ACDD0BCDC51}.Release|Mixed Platforms.Build.0 = Release|Any CPU
		{B3B36581-7A48-4EB5-A5D7-9ACDD0BCDC51}.Release|x86.ActiveCfg = Release|Any CPU
	EndGlobalSection
	GlobalSection(SolutionProperties) = preSolution
		HideSolutionNode = FALSE
	EndGlobalSection
	GlobalSection(NestedProjects) = preSolution
		{7FE74782-4B5E-454A-8536-F7A11A5AA090} = {10FFBDC2-F39C-4A95-AB51-0C421A23E8B4}
		{6FE73096-C1C6-4774-8398-6162198CCC08} = {935A6609-BD4C-4DDA-882C-BAC281F495EC}
		{53E98408-39C8-47CC-B144-7B9775485E43} = {197EAD1B-068F-4D10-8ABF-191C250F4AE6}
		{79C448F8-372A-48E1-A209-70538FA43A87} = {0923CC5D-BE2D-4CE1-A099-EE834DAB5B4A}
		{896ED505-54D8-42FF-81AC-C63CFEF2B02C} = {0923CC5D-BE2D-4CE1-A099-EE834DAB5B4A}
		{B3B36581-7A48-4EB5-A5D7-9ACDD0BCDC51} = {935A6609-BD4C-4DDA-882C-BAC281F495EC}
	EndGlobalSection
	GlobalSection(TestCaseManagementSettings) = postSolution
		CategoryFile = BdcModelBuilder.vsmdi
	EndGlobalSection
EndGlobal
